
Microsoft Visual Studio Solution File, Format Version 12.00
# Visual Studio Version 16
VisualStudioVersion = 16.0.30804.86
MinimumVisualStudioVersion = 10.0.40219.1
Project("{FAE04EC0-301F-11D3-BF4B-00C04F79EFBC}") = "Download.API", "Download.API\Download.API.csproj", "{CA8CD0D0-6385-4622-A34C-940564FB4E90}"
EndProject
Global
	GlobalSection(SolutionConfigurationPlatforms) = preSolution
		Debug|Any CPU = Debug|Any CPU
		Release|Any CPU = Release|Any CPU
	EndGlobalSection
	GlobalSection(ProjectConfigurationPlatforms) = postSolution
		{CA8CD0D0-6385-4622-A34C-940564FB4E90}.Debug|Any CPU.ActiveCfg = Debug|Any CPU
		{CA8CD0D0-6385-4622-A34C-940564FB4E90}.Debug|Any CPU.Build.0 = Debug|Any CPU
		{CA8CD0D0-6385-4622-A34C-940564FB4E90}.Release|Any CPU.ActiveCfg = Release|Any CPU
		{CA8CD0D0-6385-4622-A34C-940564FB4E90}.Release|Any CPU.Build.0 = Release|Any CPU
	EndGlobalSection
	GlobalSection(SolutionProperties) = preSolution
		HideSolutionNode = FALSE
	EndGlobalSection
	GlobalSection(ExtensibilityGlobals) = postSolution
		SolutionGuid = {48D4B738-843E-4A35-A9A3-C097549CCED1}
	EndGlobalSection
EndGlobal
